# THIS IS AN AUTOGENERATED FILE. DO NOT EDIT THIS FILE DIRECTLY.
# yarn lockfile v1


"@types/react@^16.3.5":
  version "16.3.5"
  resolved "https://registry.yarnpkg.com/@types/react/-/react-16.3.5.tgz#bd3b21285602ea7cadb4b9e0d9711d96fd5692cc"
  dependencies:
    csstype "^2.0.0"

asap@~2.0.3:
  version "2.0.6"
  resolved "https://registry.yarnpkg.com/asap/-/asap-2.0.6.tgz#e50347611d7e690943208bbdafebcbc2fb866d46"

balanced-match@^1.0.0:
  version "1.0.0"
  resolved "https://registry.yarnpkg.com/balanced-match/-/balanced-match-1.0.0.tgz#89b4d199ab2bee49de164ea02b89ce462d71b767"

brace-expansion@^1.1.7:
  version "1.1.11"
  resolved "https://registry.yarnpkg.com/brace-expansion/-/brace-expansion-1.1.11.tgz#3c7fcbf529d87226f3d2f52b966ff5271eb441dd"
  dependencies:
    balanced-match "^1.0.0"
    concat-map "0.0.1"

concat-map@0.0.1:
  version "0.0.1"
  resolved "https://registry.yarnpkg.com/concat-map/-/concat-map-0.0.1.tgz#d8a96bd77fd68df7793a73036a3ba0d5405d477b"

core-js@^1.0.0:
  version "1.2.7"
  resolved "https://registry.yarnpkg.com/core-js/-/core-js-1.2.7.tgz#652294c14651db28fa93bd2d5ff2983a4f08c636"

csstype@^2.0.0:
  version "2.1.1"
  resolved "https://registry.yarnpkg.com/csstype/-/csstype-2.1.1.tgz#37b01a7a9958ef0b88167ff6678deccd732e0ae2"

encoding@^0.1.11:
  version "0.1.12"
  resolved "https://registry.yarnpkg.com/encoding/-/encoding-0.1.12.tgz#538b66f3ee62cd1ab51ec323829d1f9480c74beb"
  dependencies:
    iconv-lite "~0.4.13"

fbjs@^0.8.16:
  version "0.8.16"
  resolved "https://registry.yarnpkg.com/fbjs/-/fbjs-0.8.16.tgz#5e67432f550dc41b572bf55847b8aca64e5337db"
  dependencies:
    core-js "^1.0.0"
    isomorphic-fetch "^2.1.1"
    loose-envify "^1.0.0"
    object-assign "^4.1.0"
    promise "^7.1.1"
    setimmediate "^1.0.5"
    ua-parser-js "^0.7.9"

fs.realpath@^1.0.0:
  version "1.0.0"
  resolved "https://registry.yarnpkg.com/fs.realpath/-/fs.realpath-1.0.0.tgz#1504ad2523158caa40db4a2787cb01411994ea4f"

glob@^7.0.5:
  version "7.1.2"
  resolved "https://registry.yarnpkg.com/glob/-/glob-7.1.2.tgz#c19c9df9a028702d678612384a6552404c636d15"
  dependencies:
    fs.realpath "^1.0.0"
    inflight "^1.0.4"
    inherits "2"
    minimatch "^3.0.4"
    once "^1.3.0"
    path-is-absolute "^1.0.0"

iconv-lite@~0.4.13:
  version "0.4.21"
  resolved "https://registry.yarnpkg.com/iconv-lite/-/iconv-lite-0.4.21.tgz#c47f8733d02171189ebc4a400f3218d348094798"
  dependencies:
    safer-buffer "^2.1.0"

inflight@^1.0.4:
  version "1.0.6"
  resolved "https://registry.yarnpkg.com/inflight/-/inflight-1.0.6.tgz#49bd6331d7d02d0c09bc910a1075ba8165b56df9"
  dependencies:
    once "^1.3.0"
    wrappy "1"

inherits@2:
  version "2.0.3"
  resolved "https://registry.yarnpkg.com/inherits/-/inherits-2.0.3.tgz#633c2c83e3da42a502f52466022480f4208261de"

is-stream@^1.0.1:
  version "1.1.0"
  resolved "https://registry.yarnpkg.com/is-stream/-/is-stream-1.1.0.tgz#12d4a3dd4e68e0b79ceb8dbc84173ae80d91ca44"

isomorphic-fetch@^2.1.1:
  version "2.2.1"
  resolved "https://registry.yarnpkg.com/isomorphic-fetch/-/isomorphic-fetch-2.2.1.tgz#611ae1acf14f5e81f729507472819fe9733558a9"
  dependencies:
    node-fetch "^1.0.1"
    whatwg-fetch ">=0.10.0"

js-tokens@^3.0.0:
  version "3.0.2"
  resolved "https://registry.yarnpkg.com/js-tokens/-/js-tokens-3.0.2.tgz#9866df395102130e38f7f996bceb65443209c25b"

keys-to-object@^0.2.0:
  version "0.2.0"
  resolved "https://registry.yarnpkg.com/keys-to-object/-/keys-to-object-0.2.0.tgz#eecec37d7ad110bafb517376e14c5a717f285dcf"

loose-envify@^1.0.0, loose-envify@^1.1.0, loose-envify@^1.3.1:
  version "1.3.1"
  resolved "https://registry.yarnpkg.com/loose-envify/-/loose-envify-1.3.1.tgz#d1a8ad33fa9ce0e713d65fdd0ac8b748d478c848"
  dependencies:
    js-tokens "^3.0.0"

memize@^1.0.5:
  version "1.0.5"
  resolved "https://registry.yarnpkg.com/memize/-/memize-1.0.5.tgz#51d89e8407643dbc8cab98c6d56b889f9a3954e3"

minimatch@^3.0.4:
  version "3.0.4"
  resolved "https://registry.yarnpkg.com/minimatch/-/minimatch-3.0.4.tgz#5166e286457f03306064be5497e8dbb0c3d32083"
  dependencies:
    brace-expansion "^1.1.7"

node-fetch@^1.0.1:
  version "1.7.3"
  resolved "https://registry.yarnpkg.com/node-fetch/-/node-fetch-1.7.3.tgz#980f6f72d85211a5347c6b2bc18c5b84c3eb47ef"
  dependencies:
    encoding "^0.1.11"
    is-stream "^1.0.1"

object-assign@^4.1.0, object-assign@^4.1.1:
  version "4.1.1"
  resolved "https://registry.yarnpkg.com/object-assign/-/object-assign-4.1.1.tgz#2109adc7965887cfc05cbbd442cac8bfbb360863"

once@^1.3.0:
  version "1.4.0"
  resolved "https://registry.yarnpkg.com/once/-/once-1.4.0.tgz#583b1aa775961d4b113ac17d9c50baef9dd76bd1"
  dependencies:
    wrappy "1"

path-is-absolute@^1.0.0:
  version "1.0.1"
  resolved "https://registry.yarnpkg.com/path-is-absolute/-/path-is-absolute-1.0.1.tgz#174b9268735534ffbc7ace6bf53a5a9e1b5c5f5f"

prettier@^1.11.1:
  version "1.11.1"
  resolved "https://registry.yarnpkg.com/prettier/-/prettier-1.11.1.tgz#61e43fc4cd44e68f2b0dfc2c38cd4bb0fccdcc75"

promise@^7.1.1:
  version "7.3.1"
  resolved "https://registry.yarnpkg.com/promise/-/promise-7.3.1.tgz#064b72602b18f90f29192b8b1bc418ffd1ebd3bf"
  dependencies:
    asap "~2.0.3"

prop-types@^15.6.0:
  version "15.6.1"
  resolved "https://registry.yarnpkg.com/prop-types/-/prop-types-15.6.1.tgz#36644453564255ddda391191fb3a125cbdf654ca"
  dependencies:
    fbjs "^0.8.16"
    loose-envify "^1.3.1"
    object-assign "^4.1.1"

react@^16.3.1:
  version "16.3.1"
  resolved "https://registry.yarnpkg.com/react/-/react-16.3.1.tgz#4a2da433d471251c69b6033ada30e2ed1202cfd8"
  dependencies:
    fbjs "^0.8.16"
    loose-envify "^1.1.0"
    object-assign "^4.1.1"
    prop-types "^15.6.0"

rimraf@^2.6.2:
  version "2.6.2"
  resolved "https://registry.yarnpkg.com/rimraf/-/rimraf-2.6.2.tgz#2ed8150d24a16ea8651e6d6ef0f47c4158ce7a36"
  dependencies:
    glob "^7.0.5"

safer-buffer@^2.1.0:
  version "2.1.2"
  resolved "https://registry.yarnpkg.com/safer-buffer/-/safer-buffer-2.1.2.tgz#44fa161b0187b9549dd84bb91802f9bd8385cd6a"

setimmediate@^1.0.5:
  version "1.0.5"
  resolved "https://registry.yarnpkg.com/setimmediate/-/setimmediate-1.0.5.tgz#290cbb232e306942d7d7ea9b83732ab7856f8285"

typescript@^2.8.1:
  version "2.8.1"
  resolved "https://registry.yarnpkg.com/typescript/-/typescript-2.8.1.tgz#6160e4f8f195d5ba81d4876f9c0cc1fbc0820624"

ua-parser-js@^0.7.9:
  version "0.7.17"
  resolved "https://registry.yarnpkg.com/ua-parser-js/-/ua-parser-js-0.7.17.tgz#e9ec5f9498b9ec910e7ae3ac626a805c4d09ecac"

whatwg-fetch@>=0.10.0:
  version "2.0.4"
  resolved "https://registry.yarnpkg.com/whatwg-fetch/-/whatwg-fetch-2.0.4.tgz#dde6a5df315f9d39991aa17621853d720b85566f"

wrappy@1:
  version "1.0.2"
  resolved "https://registry.yarnpkg.com/wrappy/-/wrappy-1.0.2.tgz#b5243d8f3ec1aa35f1364605bc0d1036e30ab69f"
